
Microsoft Visual Studio Solution File, Format Version 12.00
# Visual Studio Version 17
VisualStudioVersion = 17.14.36310.24
MinimumVisualStudioVersion = 10.0.40219.1
Project("{2150E333-8FDC-42A3-9474-1A3956D46DE8}") = "src", "src", "{02EA681E-C7D8-13C7-8484-4AC65E1B71E8}"
EndProject
Project("{FAE04EC0-301F-11D3-BF4B-00C04F79EFBC}") = "Domain", "Domain\Domain.csproj", "{3BADC9F3-89C2-4423-9846-8562805B427F}"
EndProject
Project("{FAE04EC0-301F-11D3-BF4B-00C04F79EFBC}") = "Application", "Application\Application.csproj", "{3F49CE5C-795A-432F-A84C-95BF502A1499}"
EndProject
Project("{FAE04EC0-301F-11D3-BF4B-00C04F79EFBC}") = "Infrastructure", "Infrastructure\Infrastructure.csproj", "{CD13A240-5932-41D0-871F-56B18B4267B3}"
EndProject
Project("{FAE04EC0-301F-11D3-BF4B-00C04F79EFBC}") = "Presentation", "Presentation\Presentation.csproj", "{A50A2277-7BAC-4BA8-9A5C-29B3E317C4E5}"
EndProject
Global
	GlobalSection(SolutionConfigurationPlatforms) = preSolution
		Debug|Any CPU = Debug|Any CPU
		Release|Any CPU = Release|Any CPU
	EndGlobalSection
	GlobalSection(ProjectConfigurationPlatforms) = postSolution
		{3BADC9F3-89C2-4423-9846-8562805B427F}.Debug|Any CPU.ActiveCfg = Debug|Any CPU
		{3BADC9F3-89C2-4423-9846-8562805B427F}.Debug|Any CPU.Build.0 = Debug|Any CPU
		{3BADC9F3-89C2-4423-9846-8562805B427F}.Release|Any CPU.ActiveCfg = Release|Any CPU
		{3BADC9F3-89C2-4423-9846-8562805B427F}.Release|Any CPU.Build.0 = Release|Any CPU
		{3F49CE5C-795A-432F-A84C-95BF502A1499}.Debug|Any CPU.ActiveCfg = Debug|Any CPU
		{3F49CE5C-795A-432F-A84C-95BF502A1499}.Debug|Any CPU.Build.0 = Debug|Any CPU
		{3F49CE5C-795A-432F-A84C-95BF502A1499}.Release|Any CPU.ActiveCfg = Release|Any CPU
		{3F49CE5C-795A-432F-A84C-95BF502A1499}.Release|Any CPU.Build.0 = Release|Any CPU
		{CD13A240-5932-41D0-871F-56B18B4267B3}.Debug|Any CPU.ActiveCfg = Debug|Any CPU
		{CD13A240-5932-41D0-871F-56B18B4267B3}.Debug|Any CPU.Build.0 = Debug|Any CPU
		{CD13A240-5932-41D0-871F-56B18B4267B3}.Release|Any CPU.ActiveCfg = Release|Any CPU
		{CD13A240-5932-41D0-871F-56B18B4267B3}.Release|Any CPU.Build.0 = Release|Any CPU
		{A50A2277-7BAC-4BA8-9A5C-29B3E317C4E5}.Debug|Any CPU.ActiveCfg = Debug|Any CPU
		{A50A2277-7BAC-4BA8-9A5C-29B3E317C4E5}.Debug|Any CPU.Build.0 = Debug|Any CPU
		{A50A2277-7BAC-4BA8-9A5C-29B3E317C4E5}.Release|Any CPU.ActiveCfg = Release|Any CPU
		{A50A2277-7BAC-4BA8-9A5C-29B3E317C4E5}.Release|Any CPU.Build.0 = Release|Any CPU
	EndGlobalSection
	GlobalSection(SolutionProperties) = preSolution
		HideSolutionNode = FALSE
	EndGlobalSection
	GlobalSection(NestedProjects) = preSolution
		{3BADC9F3-89C2-4423-9846-8562805B427F} = {02EA681E-C7D8-13C7-8484-4AC65E1B71E8}
		{3F49CE5C-795A-432F-A84C-95BF502A1499} = {02EA681E-C7D8-13C7-8484-4AC65E1B71E8}
		{CD13A240-5932-41D0-871F-56B18B4267B3} = {02EA681E-C7D8-13C7-8484-4AC65E1B71E8}
		{A50A2277-7BAC-4BA8-9A5C-29B3E317C4E5} = {02EA681E-C7D8-13C7-8484-4AC65E1B71E8}
	EndGlobalSection
	GlobalSection(ExtensibilityGlobals) = postSolution
		SolutionGuid = {F73FB9CC-05F9-42E0-B3AE-A8986DF7D8F4}
	EndGlobalSection
EndGlobal
